{
  "name": "quark-renderer-wechat-examples",
  "version": "1.0.0",
  "lockfileVersion": 1,
  "requires": true,
  "dependencies": {
    "quark-renderer": {
      "version": "1.0.14",
      "resolved": "https://registry.npm.taobao.org/quark-renderer/download/quark-renderer-1.0.14.tgz",
      "integrity": "sha1-LJqiNpzd/afcZwFbBySjOAg9mrM="
    }
  }
}
